// !$*UTF8*$!
{
	archiveVersion = 1;
	classes = {
	};
	objectVersion = 77;
	objects = {

/* Begin PBXBuildFile section */
		811AF7B62F4C9D9300EDAA4C /* OptionsSheet.swift in Sources */ = {isa = PBXBuildFile; fileRef = 811AF7B52F4C9D9300EDAA4C /* OptionsSheet.swift */; };
		8122CE102F3F58C70098A422 /* ContentView.swift in Sources */ = {isa = PBXBuildFile; fileRef = 8122CE0C2F3F58C70098A422 /* ContentView.swift */; };
		8122CE122F3F58C70098A422 /* VoiceNotesApp.swift in Sources */ = {isa = PBXBuildFile; fileRef = 8122CE0E2F3F58C70098A422 /* VoiceNotesApp.swift */; };
		8122CE132F3F58C70098A422 /* Assets.xcassets in Resources */ = {isa = PBXBuildFile; fileRef = 8122CE0B2F3F58C70098A422 /* Assets.xcassets */; };
		8130BBD72F475C1800A6C283 /* FolderEnum.swift in Sources */ = {isa = PBXBuildFile; fileRef = 8130BBD62F475C1800A6C283 /* FolderEnum.swift */; };
		815329C42F42F17300CAB519 /* MicrophoneAccessEnum.swift in Sources */ = {isa = PBXBuildFile; fileRef = 815329C32F42F17300CAB519 /* MicrophoneAccessEnum.swift */; };
		815329C62F42F26600CAB519 /* K.swift in Sources */ = {isa = PBXBuildFile; fileRef = 815329C52F42F26600CAB519 /* K.swift */; };
		815329C82F433D5000CAB519 /* Utils.swift in Sources */ = {isa = PBXBuildFile; fileRef = 815329C72F433D5000CAB519 /* Utils.swift */; };
		815329CA2F434F5300CAB519 /* RecordingRowView.swift in Sources */ = {isa = PBXBuildFile; fileRef = 815329C92F434F5300CAB519 /* RecordingRowView.swift */; };
		8156B15A2F407AD1000447EF /* AudioModel.swift in Sources */ = {isa = PBXBuildFile; fileRef = 8156B1592F407AD1000447EF /* AudioModel.swift */; };
		8156B15C2F407B7C000447EF /* FolderModel.swift in Sources */ = {isa = PBXBuildFile; fileRef = 8156B15B2F407B7C000447EF /* FolderModel.swift */; };
		8156B1662F40824C000447EF /* DIContainer.swift in Sources */ = {isa = PBXBuildFile; fileRef = 8156B1652F40824C000447EF /* DIContainer.swift */; };
		8156B1682F4085B6000447EF /* HomeScreen.swift in Sources */ = {isa = PBXBuildFile; fileRef = 8156B1672F4085B6000447EF /* HomeScreen.swift */; };
		8156B16A2F40AEC1000447EF /* HomeViewModel.swift in Sources */ = {isa = PBXBuildFile; fileRef = 8156B1692F40AEC1000447EF /* HomeViewModel.swift */; };
		8156B17D2F40B2DE000447EF /* AudioRepository.swift in Sources */ = {isa = PBXBuildFile; fileRef = 8156B17C2F40B2DE000447EF /* AudioRepository.swift */; };
		8156B17F2F40B4AD000447EF /* RecordingScreen.swift in Sources */ = {isa = PBXBuildFile; fileRef = 8156B17E2F40B4AD000447EF /* RecordingScreen.swift */; };
		8156B1812F40B4B4000447EF /* RecordingViewModel.swift in Sources */ = {isa = PBXBuildFile; fileRef = 8156B1802F40B4B4000447EF /* RecordingViewModel.swift */; };
		81BD96732F419B88001135A2 /* AudioManager.swift in Sources */ = {isa = PBXBuildFile; fileRef = 81BD96722F419B88001135A2 /* AudioManager.swift */; };
		81BD967D2F41B2ED001135A2 /* AudioManagerError.swift in Sources */ = {isa = PBXBuildFile; fileRef = 81BD967C2F41B2ED001135A2 /* AudioManagerError.swift */; };
		81ED5BF02F41E22800357F54 /* View+Extensions.swift in Sources */ = {isa = PBXBuildFile; fileRef = 81ED5BEF2F41E22800357F54 /* View+Extensions.swift */; };
		81ED5BF52F41F46C00357F54 /* RecordingSheet.swift in Sources */ = {isa = PBXBuildFile; fileRef = 81ED5BF42F41F46C00357F54 /* RecordingSheet.swift */; };
		81ED5BF82F41F57200357F54 /* RecordButtonStyle.swift in Sources */ = {isa = PBXBuildFile; fileRef = 81ED5BF72F41F57200357F54 /* RecordButtonStyle.swift */; };
		81ED5BFA2F420B2300357F54 /* StartRecordButtonStyle.swift in Sources */ = {isa = PBXBuildFile; fileRef = 81ED5BF92F420B2300357F54 /* StartRecordButtonStyle.swift */; };
		81ED5BFC2F42139F00357F54 /* ToolbarButtonStyle.swift in Sources */ = {isa = PBXBuildFile; fileRef = 81ED5BFB2F42139F00357F54 /* ToolbarButtonStyle.swift */; };
/* End PBXBuildFile section */

/* Begin PBXFileReference section */
		811AF7B52F4C9D9300EDAA4C /* OptionsSheet.swift */ = {isa = PBXFileReference; lastKnownFileType = sourcecode.swift; path = OptionsSheet.swift; sourceTree = "<group>"; };
		8122CDFB2F3F57C80098A422 /* VoiceNotes.app */ = {isa = PBXFileReference; explicitFileType = wrapper.application; includeInIndex = 0; path = VoiceNotes.app; sourceTree = BUILT_PRODUCTS_DIR; };
		8122CE0B2F3F58C70098A422 /* Assets.xcassets */ = {isa = PBXFileReference; lastKnownFileType = folder.assetcatalog; path = Assets.xcassets; sourceTree = "<group>"; };
		8122CE0C2F3F58C70098A422 /* ContentView.swift */ = {isa = PBXFileReference; lastKnownFileType = sourcecode.swift; path = ContentView.swift; sourceTree = "<group>"; };
		8122CE0E2F3F58C70098A422 /* VoiceNotesApp.swift */ = {isa = PBXFileReference; lastKnownFileType = sourcecode.swift; path = VoiceNotesApp.swift; sourceTree = "<group>"; };
		8130BBD62F475C1800A6C283 /* FolderEnum.swift */ = {isa = PBXFileReference; lastKnownFileType = sourcecode.swift; path = FolderEnum.swift; sourceTree = "<group>"; };
		815329C32F42F17300CAB519 /* MicrophoneAccessEnum.swift */ = {isa = PBXFileReference; lastKnownFileType = sourcecode.swift; path = MicrophoneAccessEnum.swift; sourceTree = "<group>"; };
		815329C52F42F26600CAB519 /* K.swift */ = {isa = PBXFileReference; lastKnownFileType = sourcecode.swift; path = K.swift; sourceTree = "<group>"; };
		815329C72F433D5000CAB519 /* Utils.swift */ = {isa = PBXFileReference; lastKnownFileType = sourcecode.swift; path = Utils.swift; sourceTree = "<group>"; };
		815329C92F434F5300CAB519 /* RecordingRowView.swift */ = {isa = PBXFileReference; lastKnownFileType = sourcecode.swift; path = RecordingRowView.swift; sourceTree = "<group>"; };
		8156B1592F407AD1000447EF /* AudioModel.swift */ = {isa = PBXFileReference; lastKnownFileType = sourcecode.swift; path = AudioModel.swift; sourceTree = "<group>"; };
		8156B15B2F407B7C000447EF /* FolderModel.swift */ = {isa = PBXFileReference; lastKnownFileType = sourcecode.swift; path = FolderModel.swift; sourceTree = "<group>"; };
		8156B1652F40824C000447EF /* DIContainer.swift */ = {isa = PBXFileReference; lastKnownFileType = sourcecode.swift; path = DIContainer.swift; sourceTree = "<group>"; };
		8156B1672F4085B6000447EF /* HomeScreen.swift */ = {isa = PBXFileReference; lastKnownFileType = sourcecode.swift; path = HomeScreen.swift; sourceTree = "<group>"; };
		8156B1692F40AEC1000447EF /* HomeViewModel.swift */ = {isa = PBXFileReference; lastKnownFileType = sourcecode.swift; path = HomeViewModel.swift; sourceTree = "<group>"; };
		8156B17C2F40B2DE000447EF /* AudioRepository.swift */ = {isa = PBXFileReference; lastKnownFileType = sourcecode.swift; path = AudioRepository.swift; sourceTree = "<group>"; };
		8156B17E2F40B4AD000447EF /* RecordingScreen.swift */ = {isa = PBXFileReference; lastKnownFileType = sourcecode.swift; path = RecordingScreen.swift; sourceTree = "<group>"; };
		8156B1802F40B4B4000447EF /* RecordingViewModel.swift */ = {isa = PBXFileReference; lastKnownFileType = sourcecode.swift; path = RecordingViewModel.swift; sourceTree = "<group>"; };
		81BD96722F419B88001135A2 /* AudioManager.swift */ = {isa = PBXFileReference; lastKnownFileType = sourcecode.swift; path = AudioManager.swift; sourceTree = "<group>"; };
		81BD967C2F41B2ED001135A2 /* AudioManagerError.swift */ = {isa = PBXFileReference; lastKnownFileType = sourcecode.swift; path = AudioManagerError.swift; sourceTree = "<group>"; };
		81ED5BEF2F41E22800357F54 /* View+Extensions.swift */ = {isa = PBXFileReference; lastKnownFileType = sourcecode.swift; path = "View+Extensions.swift"; sourceTree = "<group>"; };
		81ED5BF42F41F46C00357F54 /* RecordingSheet.swift */ = {isa = PBXFileReference; lastKnownFileType = sourcecode.swift; path = RecordingSheet.swift; sourceTree = "<group>"; };
		81ED5BF72F41F57200357F54 /* RecordButtonStyle.swift */ = {isa = PBXFileReference; lastKnownFileType = sourcecode.swift; path = RecordButtonStyle.swift; sourceTree = "<group>"; };
		81ED5BF92F420B2300357F54 /* StartRecordButtonStyle.swift */ = {isa = PBXFileReference; lastKnownFileType = sourcecode.swift; path = StartRecordButtonStyle.swift; sourceTree = "<group>"; };
		81ED5BFB2F42139F00357F54 /* ToolbarButtonStyle.swift */ = {isa = PBXFileReference; lastKnownFileType = sourcecode.swift; path = ToolbarButtonStyle.swift; sourceTree = "<group>"; };
/* End PBXFileReference section */

/* Begin PBXFrameworksBuildPhase section */
		8122CDF82F3F57C80098A422 /* Frameworks */ = {
			isa = PBXFrameworksBuildPhase;
			buildActionMask = 2147483647;
			files = (
			);
			runOnlyForDeploymentPostprocessing = 0;
		};
/* End PBXFrameworksBuildPhase section */

/* Begin PBXGroup section */
		8122CDF22F3F57C80098A422 = {
			isa = PBXGroup;
			children = (
				8122CE0F2F3F58C70098A422 /* VoiceNotes */,
				8122CDFC2F3F57C80098A422 /* Products */,
			);
			sourceTree = "<group>";
		};
		8122CDFC2F3F57C80098A422 /* Products */ = {
			isa = PBXGroup;
			children = (
				8122CDFB2F3F57C80098A422 /* VoiceNotes.app */,
			);
			name = Products;
			sourceTree = "<group>";
		};
		8122CE0F2F3F58C70098A422 /* VoiceNotes */ = {
			isa = PBXGroup;
			children = (
				8122CE1C2F3F59050098A422 /* App */,
				8156B17B2F40B2D1000447EF /* Repositories */,
				81BD96712F419B77001135A2 /* Services */,
				8122CE1E2F3F590C0098A422 /* Models */,
				8122CE212F3F591C0098A422 /* Helpers */,
				8122CE0B2F3F58C70098A422 /* Assets.xcassets */,
			);
			path = VoiceNotes;
			sourceTree = "<group>";
		};
		8122CE1C2F3F59050098A422 /* App */ = {
			isa = PBXGroup;
			children = (
				8122CE272F3F59C00098A422 /* Recording */,
				8122CE262F3F598D0098A422 /* Home */,
				8122CE0C2F3F58C70098A422 /* ContentView.swift */,
				8122CE0E2F3F58C70098A422 /* VoiceNotesApp.swift */,
			);
			path = App;
			sourceTree = "<group>";
		};
		8122CE1E2F3F590C0098A422 /* Models */ = {
			isa = PBXGroup;
			children = (
				8122CE252F3F59620098A422 /* Enums */,
				8156B1592F407AD1000447EF /* AudioModel.swift */,
				8156B15B2F407B7C000447EF /* FolderModel.swift */,
			);
			path = Models;
			sourceTree = "<group>";
		};
		8122CE1F2F3F59100098A422 /* Extensions */ = {
			isa = PBXGroup;
			children = (
				81ED5BEF2F41E22800357F54 /* View+Extensions.swift */,
			);
			path = Extensions;
			sourceTree = "<group>";
		};
		8122CE202F3F59150098A422 /* Utils */ = {
			isa = PBXGroup;
			children = (
				8122CE1F2F3F59100098A422 /* Extensions */,
				81ED5BFD2F42151E00357F54 /* Error */,
				81ED5BF62F41F54200357F54 /* Style */,
				815329C52F42F26600CAB519 /* K.swift */,
				815329C72F433D5000CAB519 /* Utils.swift */,
			);
			path = Utils;
			sourceTree = "<group>";
		};
		8122CE212F3F591C0098A422 /* Helpers */ = {
			isa = PBXGroup;
			children = (
				8122CE242F3F59570098A422 /* DI */,
				8122CE202F3F59150098A422 /* Utils */,
			);
			path = Helpers;
			sourceTree = "<group>";
		};
		8122CE242F3F59570098A422 /* DI */ = {
			isa = PBXGroup;
			children = (
				8156B1652F40824C000447EF /* DIContainer.swift */,
			);
			path = DI;
			sourceTree = "<group>";
		};
		8122CE252F3F59620098A422 /* Enums */ = {
			isa = PBXGroup;
			children = (
				815329C32F42F17300CAB519 /* MicrophoneAccessEnum.swift */,
				8130BBD62F475C1800A6C283 /* FolderEnum.swift */,
			);
			path = Enums;
			sourceTree = "<group>";
		};
		8122CE262F3F598D0098A422 /* Home */ = {
			isa = PBXGroup;
			children = (
				8156B1672F4085B6000447EF /* HomeScreen.swift */,
				8156B1692F40AEC1000447EF /* HomeViewModel.swift */,
			);
			path = Home;
			sourceTree = "<group>";
		};
		8122CE272F3F59C00098A422 /* Recording */ = {
			isa = PBXGroup;
			children = (
				815329CB2F434F8400CAB519 /* Components */,
				8156B17E2F40B4AD000447EF /* RecordingScreen.swift */,
				8156B1802F40B4B4000447EF /* RecordingViewModel.swift */,
			);
			path = Recording;
			sourceTree = "<group>";
		};
		815329CB2F434F8400CAB519 /* Components */ = {
			isa = PBXGroup;
			children = (
				815329C92F434F5300CAB519 /* RecordingRowView.swift */,
				81ED5BF42F41F46C00357F54 /* RecordingSheet.swift */,
				811AF7B52F4C9D9300EDAA4C /* OptionsSheet.swift */,
			);
			path = Components;
			sourceTree = "<group>";
		};
		8156B17B2F40B2D1000447EF /* Repositories */ = {
			isa = PBXGroup;
			children = (
				8156B17C2F40B2DE000447EF /* AudioRepository.swift */,
			);
			path = Repositories;
			sourceTree = "<group>";
		};
		81BD96712F419B77001135A2 /* Services */ = {
			isa = PBXGroup;
			children = (
				81BD96722F419B88001135A2 /* AudioManager.swift */,
			);
			path = Services;
			sourceTree = "<group>";
		};
		81ED5BF62F41F54200357F54 /* Style */ = {
			isa = PBXGroup;
			children = (
				81ED5BF72F41F57200357F54 /* RecordButtonStyle.swift */,
				81ED5BF92F420B2300357F54 /* StartRecordButtonStyle.swift */,
				81ED5BFB2F42139F00357F54 /* ToolbarButtonStyle.swift */,
			);
			path = Style;
			sourceTree = "<group>";
		};
		81ED5BFD2F42151E00357F54 /* Error */ = {
			isa = PBXGroup;
			children = (
				81BD967C2F41B2ED001135A2 /* AudioManagerError.swift */,
			);
			path = Error;
			sourceTree = "<group>";
		};
/* End PBXGroup section */

/* Begin PBXNativeTarget section */
		8122CDFA2F3F57C80098A422 /* VoiceNotes */ = {
			isa = PBXNativeTarget;
			buildConfigurationList = 8122CE082F3F57CA0098A422 /* Build configuration list for PBXNativeTarget "VoiceNotes" */;
			buildPhases = (
				8122CDF72F3F57C80098A422 /* Sources */,
				8122CDF82F3F57C80098A422 /* Frameworks */,
				8122CDF92F3F57C80098A422 /* Resources */,
			);
			buildRules = (
			);
			dependencies = (
			);
			name = VoiceNotes;
			packageProductDependencies = (
			);
			productName = VoiceNotes;
			productReference = 8122CDFB2F3F57C80098A422 /* VoiceNotes.app */;
			productType = "com.apple.product-type.application";
		};
/* End PBXNativeTarget section */

/* Begin PBXProject section */
		8122CDF32F3F57C80098A422 /* Project object */ = {
			isa = PBXProject;
			attributes = {
				BuildIndependentTargetsInParallel = 1;
				LastSwiftUpdateCheck = 2600;
				LastUpgradeCheck = 2600;
				TargetAttributes = {
					8122CDFA2F3F57C80098A422 = {
						CreatedOnToolsVersion = 26.0.1;
					};
				};
			};
			buildConfigurationList = 8122CDF62F3F57C80098A422 /* Build configuration list for PBXProject "VoiceNotes" */;
			developmentRegion = en;
			hasScannedForEncodings = 0;
			knownRegions = (
				en,
				Base,
			);
			mainGroup = 8122CDF22F3F57C80098A422;
			minimizedProjectReferenceProxies = 1;
			preferredProjectObjectVersion = 77;
			productRefGroup = 8122CDFC2F3F57C80098A422 /* Products */;
			projectDirPath = "";
			projectRoot = "";
			targets = (
				8122CDFA2F3F57C80098A422 /* VoiceNotes */,
			);
		};
/* End PBXProject section */

/* Begin PBXResourcesBuildPhase section */
		8122CDF92F3F57C80098A422 /* Resources */ = {
			isa = PBXResourcesBuildPhase;
			buildActionMask = 2147483647;
			files = (
				8122CE132F3F58C70098A422 /* Assets.xcassets in Resources */,
			);
			runOnlyForDeploymentPostprocessing = 0;
		};
/* End PBXResourcesBuildPhase section */

/* Begin PBXSourcesBuildPhase section */
		8122CDF72F3F57C80098A422 /* Sources */ = {
			isa = PBXSourcesBuildPhase;
			buildActionMask = 2147483647;
			files = (
				8156B17F2F40B4AD000447EF /* RecordingScreen.swift in Sources */,
				8122CE102F3F58C70098A422 /* ContentView.swift in Sources */,
				815329C82F433D5000CAB519 /* Utils.swift in Sources */,
				815329CA2F434F5300CAB519 /* RecordingRowView.swift in Sources */,
				81ED5BFA2F420B2300357F54 /* StartRecordButtonStyle.swift in Sources */,
				8156B1812F40B4B4000447EF /* RecordingViewModel.swift in Sources */,
				8156B15A2F407AD1000447EF /* AudioModel.swift in Sources */,
				8156B17D2F40B2DE000447EF /* AudioRepository.swift in Sources */,
				811AF7B62F4C9D9300EDAA4C /* OptionsSheet.swift in Sources */,
				81ED5BF52F41F46C00357F54 /* RecordingSheet.swift in Sources */,
				81BD967D2F41B2ED001135A2 /* AudioManagerError.swift in Sources */,
				8156B16A2F40AEC1000447EF /* HomeViewModel.swift in Sources */,
				8156B1682F4085B6000447EF /* HomeScreen.swift in Sources */,
				815329C42F42F17300CAB519 /* MicrophoneAccessEnum.swift in Sources */,
				8156B15C2F407B7C000447EF /* FolderModel.swift in Sources */,
				8156B1662F40824C000447EF /* DIContainer.swift in Sources */,
				815329C62F42F26600CAB519 /* K.swift in Sources */,
				8130BBD72F475C1800A6C283 /* FolderEnum.swift in Sources */,
				81BD96732F419B88001135A2 /* AudioManager.swift in Sources */,
				81ED5BF02F41E22800357F54 /* View+Extensions.swift in Sources */,
				81ED5BF82F41F57200357F54 /* RecordButtonStyle.swift in Sources */,
				8122CE122F3F58C70098A422 /* VoiceNotesApp.swift in Sources */,
				81ED5BFC2F42139F00357F54 /* ToolbarButtonStyle.swift in Sources */,
			);
			runOnlyForDeploymentPostprocessing = 0;
		};
/* End PBXSourcesBuildPhase section */

/* Begin XCBuildConfiguration section */
		8122CE062F3F57CA0098A422 /* Debug */ = {
			isa = XCBuildConfiguration;
			buildSettings = {
				ALWAYS_SEARCH_USER_PATHS = NO;
				ASSETCATALOG_COMPILER_GENERATE_SWIFT_ASSET_SYMBOL_EXTENSIONS = YES;
				CLANG_ANALYZER_NONNULL = YES;
				CLANG_ANALYZER_NUMBER_OBJECT_CONVERSION = YES_AGGRESSIVE;
				CLANG_CXX_LANGUAGE_STANDARD = "gnu++20";
				CLANG_ENABLE_MODULES = YES;
				CLANG_ENABLE_OBJC_ARC = YES;
				CLANG_ENABLE_OBJC_WEAK = YES;
				CLANG_WARN_BLOCK_CAPTURE_AUTORELEASING = YES;
				CLANG_WARN_BOOL_CONVERSION = YES;
				CLANG_WARN_COMMA = YES;
				CLANG_WARN_CONSTANT_CONVERSION = YES;
				CLANG_WARN_DEPRECATED_OBJC_IMPLEMENTATIONS = YES;
				CLANG_WARN_DIRECT_OBJC_ISA_USAGE = YES_ERROR;
				CLANG_WARN_DOCUMENTATION_COMMENTS = YES;
				CLANG_WARN_EMPTY_BODY = YES;
				CLANG_WARN_ENUM_CONVERSION = YES;
				CLANG_WARN_INFINITE_RECURSION = YES;
				CLANG_WARN_INT_CONVERSION = YES;
				CLANG_WARN_NON_LITERAL_NULL_CONVERSION = YES;
				CLANG_WARN_OBJC_IMPLICIT_RETAIN_SELF = YES;
				CLANG_WARN_OBJC_LITERAL_CONVERSION = YES;
				CLANG_WARN_OBJC_ROOT_CLASS = YES_ERROR;
				CLANG_WARN_QUOTED_INCLUDE_IN_FRAMEWORK_HEADER = YES;
				CLANG_WARN_RANGE_LOOP_ANALYSIS = YES;
				CLANG_WARN_STRICT_PROTOTYPES = YES;
				CLANG_WARN_SUSPICIOUS_MOVE = YES;
				CLANG_WARN_UNGUARDED_AVAILABILITY = YES_AGGRESSIVE;
				CLANG_WARN_UNREACHABLE_CODE = YES;
				CLANG_WARN__DUPLICATE_METHOD_MATCH = YES;
				COPY_PHASE_STRIP = NO;
				DEBUG_INFORMATION_FORMAT = dwarf;
				DEVELOPMENT_TEAM = LS68HMX5XZ;
				ENABLE_STRICT_OBJC_MSGSEND = YES;
				ENABLE_TESTABILITY = YES;
				ENABLE_USER_SCRIPT_SANDBOXING = YES;
				GCC_C_LANGUAGE_STANDARD = gnu17;
				GCC_DYNAMIC_NO_PIC = NO;
				GCC_NO_COMMON_BLOCKS = YES;
				GCC_OPTIMIZATION_LEVEL = 0;
				GCC_PREPROCESSOR_DEFINITIONS = (
					"DEBUG=1",
					"$(inherited)",
				);
				GCC_WARN_64_TO_32_BIT_CONVERSION = YES;
				GCC_WARN_ABOUT_RETURN_TYPE = YES_ERROR;
				GCC_WARN_UNDECLARED_SELECTOR = YES;
				GCC_WARN_UNINITIALIZED_AUTOS = YES_AGGRESSIVE;
				GCC_WARN_UNUSED_FUNCTION = YES;
				GCC_WARN_UNUSED_VARIABLE = YES;
				IPHONEOS_DEPLOYMENT_TARGET = 26.0;
				LOCALIZATION_PREFERS_STRING_CATALOGS = YES;
				MTL_ENABLE_DEBUG_INFO = INCLUDE_SOURCE;
				MTL_FAST_MATH = YES;
				ONLY_ACTIVE_ARCH = YES;
				SDKROOT = iphoneos;
				SWIFT_ACTIVE_COMPILATION_CONDITIONS = "DEBUG $(inherited)";
				SWIFT_OPTIMIZATION_LEVEL = "-Onone";
			};
			name = Debug;
		};
		8122CE072F3F57CA0098A422 /* Release */ = {
			isa = XCBuildConfiguration;
			buildSettings = {
				ALWAYS_SEARCH_USER_PATHS = NO;
				ASSETCATALOG_COMPILER_GENERATE_SWIFT_ASSET_SYMBOL_EXTENSIONS = YES;
				CLANG_ANALYZER_NONNULL = YES;
				CLANG_ANALYZER_NUMBER_OBJECT_CONVERSION = YES_AGGRESSIVE;
				CLANG_CXX_LANGUAGE_STANDARD = "gnu++20";
				CLANG_ENABLE_MODULES = YES;
				CLANG_ENABLE_OBJC_ARC = YES;
				CLANG_ENABLE_OBJC_WEAK = YES;
				CLANG_WARN_BLOCK_CAPTURE_AUTORELEASING = YES;
				CLANG_WARN_BOOL_CONVERSION = YES;
				CLANG_WARN_COMMA = YES;
				CLANG_WARN_CONSTANT_CONVERSION = YES;
				CLANG_WARN_DEPRECATED_OBJC_IMPLEMENTATIONS = YES;
				CLANG_WARN_DIRECT_OBJC_ISA_USAGE = YES_ERROR;
				CLANG_WARN_DOCUMENTATION_COMMENTS = YES;
				CLANG_WARN_EMPTY_BODY = YES;
				CLANG_WARN_ENUM_CONVERSION = YES;
				CLANG_WARN_INFINITE_RECURSION = YES;
				CLANG_WARN_INT_CONVERSION = YES;
				CLANG_WARN_NON_LITERAL_NULL_CONVERSION = YES;
				CLANG_WARN_OBJC_IMPLICIT_RETAIN_SELF = YES;
				CLANG_WARN_OBJC_LITERAL_CONVERSION = YES;
				CLANG_WARN_OBJC_ROOT_CLASS = YES_ERROR;
				CLANG_WARN_QUOTED_INCLUDE_IN_FRAMEWORK_HEADER = YES;
				CLANG_WARN_RANGE_LOOP_ANALYSIS = YES;
				CLANG_WARN_STRICT_PROTOTYPES = YES;
				CLANG_WARN_SUSPICIOUS_MOVE = YES;
				CLANG_WARN_UNGUARDED_AVAILABILITY = YES_AGGRESSIVE;
				CLANG_WARN_UNREACHABLE_CODE = YES;
				CLANG_WARN__DUPLICATE_METHOD_MATCH = YES;
				COPY_PHASE_STRIP = NO;
				DEBUG_INFORMATION_FORMAT = "dwarf-with-dsym";
				DEVELOPMENT_TEAM = LS68HMX5XZ;
				ENABLE_NS_ASSERTIONS = NO;
				ENABLE_STRICT_OBJC_MSGSEND = YES;
				ENABLE_USER_SCRIPT_SANDBOXING = YES;
				GCC_C_LANGUAGE_STANDARD = gnu17;
				GCC_NO_COMMON_BLOCKS = YES;
				GCC_WARN_64_TO_32_BIT_CONVERSION = YES;
				GCC_WARN_ABOUT_RETURN_TYPE = YES_ERROR;
				GCC_WARN_UNDECLARED_SELECTOR = YES;
				GCC_WARN_UNINITIALIZED_AUTOS = YES_AGGRESSIVE;
				GCC_WARN_UNUSED_FUNCTION = YES;
				GCC_WARN_UNUSED_VARIABLE = YES;
				IPHONEOS_DEPLOYMENT_TARGET = 26.0;
				LOCALIZATION_PREFERS_STRING_CATALOGS = YES;
				MTL_ENABLE_DEBUG_INFO = NO;
				MTL_FAST_MATH = YES;
				SDKROOT = iphoneos;
				SWIFT_COMPILATION_MODE = wholemodule;
				VALIDATE_PRODUCT = YES;
			};
			name = Release;
		};
		8122CE092F3F57CA0098A422 /* Debug */ = {
			isa = XCBuildConfiguration;
			buildSettings = {
				ASSETCATALOG_COMPILER_APPICON_NAME = AppIcon;
				ASSETCATALOG_COMPILER_GLOBAL_ACCENT_COLOR_NAME = AccentColor;
				CODE_SIGN_STYLE = Automatic;
				CURRENT_PROJECT_VERSION = 1;
				DEVELOPMENT_TEAM = LS68HMX5XZ;
				ENABLE_PREVIEWS = YES;
				GENERATE_INFOPLIST_FILE = YES;
				INFOPLIST_KEY_CFBundleDisplayName = "Voice Notes";
				INFOPLIST_KEY_NSMicrophoneUsageDescription = "This app uses microphone to record audio.";
				INFOPLIST_KEY_UIApplicationSceneManifest_Generation = YES;
				INFOPLIST_KEY_UIApplicationSupportsIndirectInputEvents = YES;
				INFOPLIST_KEY_UILaunchScreen_Generation = YES;
				INFOPLIST_KEY_UISupportedInterfaceOrientations = UIInterfaceOrientationPortrait;
				INFOPLIST_KEY_UISupportedInterfaceOrientations_iPad = "UIInterfaceOrientationLandscapeLeft UIInterfaceOrientationLandscapeRight UIInterfaceOrientationPortrait UIInterfaceOrientationPortraitUpsideDown";
				IPHONEOS_DEPLOYMENT_TARGET = 18.0;
				LD_RUNPATH_SEARCH_PATHS = (
					"$(inherited)",
					"@executable_path/Frameworks",
				);
				MARKETING_VERSION = 1.0;
				PRODUCT_BUNDLE_IDENTIFIER = com.zeeqa.VoiceNotes;
				PRODUCT_NAME = "$(TARGET_NAME)";
				STRING_CATALOG_GENERATE_SYMBOLS = YES;
				SWIFT_APPROACHABLE_CONCURRENCY = YES;
				SWIFT_DEFAULT_ACTOR_ISOLATION = MainActor;
				SWIFT_EMIT_LOC_STRINGS = YES;
				SWIFT_UPCOMING_FEATURE_MEMBER_IMPORT_VISIBILITY = YES;
				SWIFT_VERSION = 5.0;
				TARGETED_DEVICE_FAMILY = "1,2";
			};
			name = Debug;
		};
		8122CE0A2F3F57CA0098A422 /* Release */ = {
			isa = XCBuildConfiguration;
			buildSettings = {
				ASSETCATALOG_COMPILER_APPICON_NAME = AppIcon;
				ASSETCATALOG_COMPILER_GLOBAL_ACCENT_COLOR_NAME = AccentColor;
				CODE_SIGN_STYLE = Automatic;
				CURRENT_PROJECT_VERSION = 1;
				DEVELOPMENT_TEAM = LS68HMX5XZ;
				ENABLE_PREVIEWS = YES;
				GENERATE_INFOPLIST_FILE = YES;
				INFOPLIST_KEY_CFBundleDisplayName = "Voice Notes";
				INFOPLIST_KEY_NSMicrophoneUsageDescription = "This app uses microphone to record audio.";
				INFOPLIST_KEY_UIApplicationSceneManifest_Generation = YES;
				INFOPLIST_KEY_UIApplicationSupportsIndirectInputEvents = YES;
				INFOPLIST_KEY_UILaunchScreen_Generation = YES;
				INFOPLIST_KEY_UISupportedInterfaceOrientations = UIInterfaceOrientationPortrait;
				INFOPLIST_KEY_UISupportedInterfaceOrientations_iPad = "UIInterfaceOrientationLandscapeLeft UIInterfaceOrientationLandscapeRight UIInterfaceOrientationPortrait UIInterfaceOrientationPortraitUpsideDown";
				IPHONEOS_DEPLOYMENT_TARGET = 18.0;
				LD_RUNPATH_SEARCH_PATHS = (
					"$(inherited)",
					"@executable_path/Frameworks",
				);
				MARKETING_VERSION = 1.0;
				PRODUCT_BUNDLE_IDENTIFIER = com.zeeqa.VoiceNotes;
				PRODUCT_NAME = "$(TARGET_NAME)";
				STRING_CATALOG_GENERATE_SYMBOLS = YES;
				SWIFT_APPROACHABLE_CONCURRENCY = YES;
				SWIFT_DEFAULT_ACTOR_ISOLATION = MainActor;
				SWIFT_EMIT_LOC_STRINGS = YES;
				SWIFT_UPCOMING_FEATURE_MEMBER_IMPORT_VISIBILITY = YES;
				SWIFT_VERSION = 5.0;
				TARGETED_DEVICE_FAMILY = "1,2";
			};
			name = Release;
		};
/* End XCBuildConfiguration section */

/* Begin XCConfigurationList section */
		8122CDF62F3F57C80098A422 /* Build configuration list for PBXProject "VoiceNotes" */ = {
			isa = XCConfigurationList;
			buildConfigurations = (
				8122CE062F3F57CA0098A422 /* Debug */,
				8122CE072F3F57CA0098A422 /* Release */,
			);
			defaultConfigurationIsVisible = 0;
			defaultConfigurationName = Release;
		};
		8122CE082F3F57CA0098A422 /* Build configuration list for PBXNativeTarget "VoiceNotes" */ = {
			isa = XCConfigurationList;
			buildConfigurations = (
				8122CE092F3F57CA0098A422 /* Debug */,
				8122CE0A2F3F57CA0098A422 /* Release */,
			);
			defaultConfigurationIsVisible = 0;
			defaultConfigurationName = Release;
		};
/* End XCConfigurationList section */
	};
	rootObject = 8122CDF32F3F57C80098A422 /* Project object */;
}
